// !$*UTF8*$!
{
	archiveVersion = 1;
	classes = {
	};
	objectVersion = 56;
	objects = {

/* Begin PBXBuildFile section */
		CA142A582BC83980000DCDF0 /* BankApp.swift in Sources */ = {isa = PBXBuildFile; fileRef = CA142A572BC83980000DCDF0 /* BankApp.swift */; };
		CA142A5A2BC83980000DCDF0 /* DonationView.swift in Sources */ = {isa = PBXBuildFile; fileRef = CA142A592BC83980000DCDF0 /* DonationView.swift */; };
		CA142A5C2BC83982000DCDF0 /* Assets.xcassets in Resources */ = {isa = PBXBuildFile; fileRef = CA142A5B2BC83982000DCDF0 /* Assets.xcassets */; };
		CA142A5F2BC83982000DCDF0 /* Preview Assets.xcassets in Resources */ = {isa = PBXBuildFile; fileRef = CA142A5E2BC83982000DCDF0 /* Preview Assets.xcassets */; };
		CA142A692BC83983000DCDF0 /* BankTests.swift in Sources */ = {isa = PBXBuildFile; fileRef = CA142A682BC83983000DCDF0 /* BankTests.swift */; };
		CA142A732BC83983000DCDF0 /* BankUITests.swift in Sources */ = {isa = PBXBuildFile; fileRef = CA142A722BC83983000DCDF0 /* BankUITests.swift */; };
		CA142A752BC83983000DCDF0 /* BankUITestsLaunchTests.swift in Sources */ = {isa = PBXBuildFile; fileRef = CA142A742BC83983000DCDF0 /* BankUITestsLaunchTests.swift */; };
		CA142A822BC839F3000DCDF0 /* DonationViewModel.swift in Sources */ = {isa = PBXBuildFile; fileRef = CA142A812BC839F3000DCDF0 /* DonationViewModel.swift */; };
		CA5158FF2BCD0E7600B04ACB /* BankAccount.swift in Sources */ = {isa = PBXBuildFile; fileRef = CA5158FE2BCD0E7600B04ACB /* BankAccount.swift */; };
/* End PBXBuildFile section */

/* Begin PBXContainerItemProxy section */
		CA142A652BC83983000DCDF0 /* PBXContainerItemProxy */ = {
			isa = PBXContainerItemProxy;
			containerPortal = CA142A4C2BC83980000DCDF0 /* Project object */;
			proxyType = 1;
			remoteGlobalIDString = CA142A532BC83980000DCDF0;
			remoteInfo = Bank;
		};
		CA142A6F2BC83983000DCDF0 /* PBXContainerItemProxy */ = {
			isa = PBXContainerItemProxy;
			containerPortal = CA142A4C2BC83980000DCDF0 /* Project object */;
			proxyType = 1;
			remoteGlobalIDString = CA142A532BC83980000DCDF0;
			remoteInfo = Bank;
		};
/* End PBXContainerItemProxy section */

/* Begin PBXFileReference section */
		CA142A542BC83980000DCDF0 /* Bank.app */ = {isa = PBXFileReference; explicitFileType = wrapper.application; includeInIndex = 0; path = Bank.app; sourceTree = BUILT_PRODUCTS_DIR; };
		CA142A572BC83980000DCDF0 /* BankApp.swift */ = {isa = PBXFileReference; lastKnownFileType = sourcecode.swift; path = BankApp.swift; sourceTree = "<group>"; };
		CA142A592BC83980000DCDF0 /* DonationView.swift */ = {isa = PBXFileReference; lastKnownFileType = sourcecode.swift; path = DonationView.swift; sourceTree = "<group>"; };
		CA142A5B2BC83982000DCDF0 /* Assets.xcassets */ = {isa = PBXFileReference; lastKnownFileType = folder.assetcatalog; path = Assets.xcassets; sourceTree = "<group>"; };
		CA142A5E2BC83982000DCDF0 /* Preview Assets.xcassets */ = {isa = PBXFileReference; lastKnownFileType = folder.assetcatalog; path = "Preview Assets.xcassets"; sourceTree = "<group>"; };
		CA142A642BC83983000DCDF0 /* BankTests.xctest */ = {isa = PBXFileReference; explicitFileType = wrapper.cfbundle; includeInIndex = 0; path = BankTests.xctest; sourceTree = BUILT_PRODUCTS_DIR; };
		CA142A682BC83983000DCDF0 /* BankTests.swift */ = {isa = PBXFileReference; lastKnownFileType = sourcecode.swift; path = BankTests.swift; sourceTree = "<group>"; };
		CA142A6E2BC83983000DCDF0 /* BankUITests.xctest */ = {isa = PBXFileReference; explicitFileType = wrapper.cfbundle; includeInIndex = 0; path = BankUITests.xctest; sourceTree = BUILT_PRODUCTS_DIR; };
		CA142A722BC83983000DCDF0 /* BankUITests.swift */ = {isa = PBXFileReference; lastKnownFileType = sourcecode.swift; path = BankUITests.swift; sourceTree = "<group>"; };
		CA142A742BC83983000DCDF0 /* BankUITestsLaunchTests.swift */ = {isa = PBXFileReference; lastKnownFileType = sourcecode.swift; path = BankUITestsLaunchTests.swift; sourceTree = "<group>"; };
		CA142A812BC839F3000DCDF0 /* DonationViewModel.swift */ = {isa = PBXFileReference; lastKnownFileType = sourcecode.swift; path = DonationViewModel.swift; sourceTree = "<group>"; };
		CA5158FE2BCD0E7600B04ACB /* BankAccount.swift */ = {isa = PBXFileReference; lastKnownFileType = sourcecode.swift; path = BankAccount.swift; sourceTree = "<group>"; };
/* End PBXFileReference section */

/* Begin PBXFrameworksBuildPhase section */
		CA142A512BC83980000DCDF0 /* Frameworks */ = {
			isa = PBXFrameworksBuildPhase;
			buildActionMask = 2147483647;
			files = (
			);
			runOnlyForDeploymentPostprocessing = 0;
		};
		CA142A612BC83983000DCDF0 /* Frameworks */ = {
			isa = PBXFrameworksBuildPhase;
			buildActionMask = 2147483647;
			files = (
			);
			runOnlyForDeploymentPostprocessing = 0;
		};
		CA142A6B2BC83983000DCDF0 /* Frameworks */ = {
			isa = PBXFrameworksBuildPhase;
			buildActionMask = 2147483647;
			files = (
			);
			runOnlyForDeploymentPostprocessing = 0;
		};
/* End PBXFrameworksBuildPhase section */

/* Begin PBXGroup section */
		CA142A4B2BC83980000DCDF0 = {
			isa = PBXGroup;
			children = (
				CA142A562BC83980000DCDF0 /* Bank */,
				CA142A672BC83983000DCDF0 /* BankTests */,
				CA142A712BC83983000DCDF0 /* BankUITests */,
				CA142A552BC83980000DCDF0 /* Products */,
			);
			sourceTree = "<group>";
		};
		CA142A552BC83980000DCDF0 /* Products */ = {
			isa = PBXGroup;
			children = (
				CA142A542BC83980000DCDF0 /* Bank.app */,
				CA142A642BC83983000DCDF0 /* BankTests.xctest */,
				CA142A6E2BC83983000DCDF0 /* BankUITests.xctest */,
			);
			name = Products;
			sourceTree = "<group>";
		};
		CA142A562BC83980000DCDF0 /* Bank */ = {
			isa = PBXGroup;
			children = (
				CA142A572BC83980000DCDF0 /* BankApp.swift */,
				CA142A592BC83980000DCDF0 /* DonationView.swift */,
				CA142A812BC839F3000DCDF0 /* DonationViewModel.swift */,
				CA5158FE2BCD0E7600B04ACB /* BankAccount.swift */,
				CA142A5B2BC83982000DCDF0 /* Assets.xcassets */,
				CA142A5D2BC83982000DCDF0 /* Preview Content */,
			);
			path = Bank;
			sourceTree = "<group>";
		};
		CA142A5D2BC83982000DCDF0 /* Preview Content */ = {
			isa = PBXGroup;
			children = (
				CA142A5E2BC83982000DCDF0 /* Preview Assets.xcassets */,
			);
			path = "Preview Content";
			sourceTree = "<group>";
		};
		CA142A672BC83983000DCDF0 /* BankTests */ = {
			isa = PBXGroup;
			children = (
				CA142A682BC83983000DCDF0 /* BankTests.swift */,
			);
			path = BankTests;
			sourceTree = "<group>";
		};
		CA142A712BC83983000DCDF0 /* BankUITests */ = {
			isa = PBXGroup;
			children = (
				CA142A722BC83983000DCDF0 /* BankUITests.swift */,
				CA142A742BC83983000DCDF0 /* BankUITestsLaunchTests.swift */,
			);
			path = BankUITests;
			sourceTree = "<group>";
		};
/* End PBXGroup section */

/* Begin PBXNativeTarget section */
		CA142A532BC83980000DCDF0 /* Bank */ = {
			isa = PBXNativeTarget;
			buildConfigurationList = CA142A782BC83983000DCDF0 /* Build configuration list for PBXNativeTarget "Bank" */;
			buildPhases = (
				CA142A502BC83980000DCDF0 /* Sources */,
				CA142A512BC83980000DCDF0 /* Frameworks */,
				CA142A522BC83980000DCDF0 /* Resources */,
			);
			buildRules = (
			);
			dependencies = (
			);
			name = Bank;
			productName = Bank;
			productReference = CA142A542BC83980000DCDF0 /* Bank.app */;
			productType = "com.apple.product-type.application";
		};
		CA142A632BC83983000DCDF0 /* BankTests */ = {
			isa = PBXNativeTarget;
			buildConfigurationList = CA142A7B2BC83983000DCDF0 /* Build configuration list for PBXNativeTarget "BankTests" */;
			buildPhases = (
				CA142A602BC83983000DCDF0 /* Sources */,
				CA142A612BC83983000DCDF0 /* Frameworks */,
				CA142A622BC83983000DCDF0 /* Resources */,
			);
			buildRules = (
			);
			dependencies = (
				CA142A662BC83983000DCDF0 /* PBXTargetDependency */,
			);
			name = BankTests;
			productName = BankTests;
			productReference = CA142A642BC83983000DCDF0 /* BankTests.xctest */;
			productType = "com.apple.product-type.bundle.unit-test";
		};
		CA142A6D2BC83983000DCDF0 /* BankUITests */ = {
			isa = PBXNativeTarget;
			buildConfigurationList = CA142A7E2BC83983000DCDF0 /* Build configuration list for PBXNativeTarget "BankUITests" */;
			buildPhases = (
				CA142A6A2BC83983000DCDF0 /* Sources */,
				CA142A6B2BC83983000DCDF0 /* Frameworks */,
				CA142A6C2BC83983000DCDF0 /* Resources */,
			);
			buildRules = (
			);
			dependencies = (
				CA142A702BC83983000DCDF0 /* PBXTargetDependency */,
			);
			name = BankUITests;
			productName = BankUITests;
			productReference = CA142A6E2BC83983000DCDF0 /* BankUITests.xctest */;
			productType = "com.apple.product-type.bundle.ui-testing";
		};
/* End PBXNativeTarget section */

/* Begin PBXProject section */
		CA142A4C2BC83980000DCDF0 /* Project object */ = {
			isa = PBXProject;
			attributes = {
				BuildIndependentTargetsInParallel = 1;
				LastSwiftUpdateCheck = 1530;
				LastUpgradeCheck = 1530;
				TargetAttributes = {
					CA142A532BC83980000DCDF0 = {
						CreatedOnToolsVersion = 15.3;
					};
					CA142A632BC83983000DCDF0 = {
						CreatedOnToolsVersion = 15.3;
						TestTargetID = CA142A532BC83980000DCDF0;
					};
					CA142A6D2BC83983000DCDF0 = {
						CreatedOnToolsVersion = 15.3;
						TestTargetID = CA142A532BC83980000DCDF0;
					};
				};
			};
			buildConfigurationList = CA142A4F2BC83980000DCDF0 /* Build configuration list for PBXProject "Bank" */;
			compatibilityVersion = "Xcode 14.0";
			developmentRegion = en;
			hasScannedForEncodings = 0;
			knownRegions = (
				en,
				Base,
			);
			mainGroup = CA142A4B2BC83980000DCDF0;
			productRefGroup = CA142A552BC83980000DCDF0 /* Products */;
			projectDirPath = "";
			projectRoot = "";
			targets = (
				CA142A532BC83980000DCDF0 /* Bank */,
				CA142A632BC83983000DCDF0 /* BankTests */,
				CA142A6D2BC83983000DCDF0 /* BankUITests */,
			);
		};
/* End PBXProject section */

/* Begin PBXResourcesBuildPhase section */
		CA142A522BC83980000DCDF0 /* Resources */ = {
			isa = PBXResourcesBuildPhase;
			buildActionMask = 2147483647;
			files = (
				CA142A5F2BC83982000DCDF0 /* Preview Assets.xcassets in Resources */,
				CA142A5C2BC83982000DCDF0 /* Assets.xcassets in Resources */,
			);
			runOnlyForDeploymentPostprocessing = 0;
		};
		CA142A622BC83983000DCDF0 /* Resources */ = {
			isa = PBXResourcesBuildPhase;
			buildActionMask = 2147483647;
			files = (
			);
			runOnlyForDeploymentPostprocessing = 0;
		};
		CA142A6C2BC83983000DCDF0 /* Resources */ = {
			isa = PBXResourcesBuildPhase;
			buildActionMask = 2147483647;
			files = (
			);
			runOnlyForDeploymentPostprocessing = 0;
		};
/* End PBXResourcesBuildPhase section */

/* Begin PBXSourcesBuildPhase section */
		CA142A502BC83980000DCDF0 /* Sources */ = {
			isa = PBXSourcesBuildPhase;
			buildActionMask = 2147483647;
			files = (
				CA142A5A2BC83980000DCDF0 /* DonationView.swift in Sources */,
				CA5158FF2BCD0E7600B04ACB /* BankAccount.swift in Sources */,
				CA142A582BC83980000DCDF0 /* BankApp.swift in Sources */,
				CA142A822BC839F3000DCDF0 /* DonationViewModel.swift in Sources */,
			);
			runOnlyForDeploymentPostprocessing = 0;
		};
		CA142A602BC83983000DCDF0 /* Sources */ = {
			isa = PBXSourcesBuildPhase;
			buildActionMask = 2147483647;
			files = (
				CA142A692BC83983000DCDF0 /* BankTests.swift in Sources */,
			);
			runOnlyForDeploymentPostprocessing = 0;
		};
		CA142A6A2BC83983000DCDF0 /* Sources */ = {
			isa = PBXSourcesBuildPhase;
			buildActionMask = 2147483647;
			files = (
				CA142A752BC83983000DCDF0 /* BankUITestsLaunchTests.swift in Sources */,
				CA142A732BC83983000DCDF0 /* BankUITests.swift in Sources */,
			);
			runOnlyForDeploymentPostprocessing = 0;
		};
/* End PBXSourcesBuildPhase section */

/* Begin PBXTargetDependency section */
		CA142A662BC83983000DCDF0 /* PBXTargetDependency */ = {
			isa = PBXTargetDependency;
			target = CA142A532BC83980000DCDF0 /* Bank */;
			targetProxy = CA142A652BC83983000DCDF0 /* PBXContainerItemProxy */;
		};
		CA142A702BC83983000DCDF0 /* PBXTargetDependency */ = {
			isa = PBXTargetDependency;
			target = CA142A532BC83980000DCDF0 /* Bank */;
			targetProxy = CA142A6F2BC83983000DCDF0 /* PBXContainerItemProxy */;
		};
/* End PBXTargetDependency section */

/* Begin XCBuildConfiguration section */
		CA142A762BC83983000DCDF0 /* Debug */ = {
			isa = XCBuildConfiguration;
			buildSettings = {
				ALWAYS_SEARCH_USER_PATHS = NO;
				ASSETCATALOG_COMPILER_GENERATE_SWIFT_ASSET_SYMBOL_EXTENSIONS = YES;
				CLANG_ANALYZER_NONNULL = YES;
				CLANG_ANALYZER_NUMBER_OBJECT_CONVERSION = YES_AGGRESSIVE;
				CLANG_CXX_LANGUAGE_STANDARD = "gnu++20";
				CLANG_ENABLE_MODULES = YES;
				CLANG_ENABLE_OBJC_ARC = YES;
				CLANG_ENABLE_OBJC_WEAK = YES;
				CLANG_WARN_BLOCK_CAPTURE_AUTORELEASING = YES;
				CLANG_WARN_BOOL_CONVERSION = YES;
				CLANG_WARN_COMMA = YES;
				CLANG_WARN_CONSTANT_CONVERSION = YES;
				CLANG_WARN_DEPRECATED_OBJC_IMPLEMENTATIONS = YES;
				CLANG_WARN_DIRECT_OBJC_ISA_USAGE = YES_ERROR;
				CLANG_WARN_DOCUMENTATION_COMMENTS = YES;
				CLANG_WARN_EMPTY_BODY = YES;
				CLANG_WARN_ENUM_CONVERSION = YES;
				CLANG_WARN_INFINITE_RECURSION = YES;
				CLANG_WARN_INT_CONVERSION = YES;
				CLANG_WARN_NON_LITERAL_NULL_CONVERSION = YES;
				CLANG_WARN_OBJC_IMPLICIT_RETAIN_SELF = YES;
				CLANG_WARN_OBJC_LITERAL_CONVERSION = YES;
				CLANG_WARN_OBJC_ROOT_CLASS = YES_ERROR;
				CLANG_WARN_QUOTED_INCLUDE_IN_FRAMEWORK_HEADER = YES;
				CLANG_WARN_RANGE_LOOP_ANALYSIS = YES;
				CLANG_WARN_STRICT_PROTOTYPES = YES;
				CLANG_WARN_SUSPICIOUS_MOVE = YES;
				CLANG_WARN_UNGUARDED_AVAILABILITY = YES_AGGRESSIVE;
				CLANG_WARN_UNREACHABLE_CODE = YES;
				CLANG_WARN__DUPLICATE_METHOD_MATCH = YES;
				COPY_PHASE_STRIP = NO;
				DEBUG_INFORMATION_FORMAT = dwarf;
				ENABLE_STRICT_OBJC_MSGSEND = YES;
				ENABLE_TESTABILITY = YES;
				ENABLE_USER_SCRIPT_SANDBOXING = YES;
				GCC_C_LANGUAGE_STANDARD = gnu17;
				GCC_DYNAMIC_NO_PIC = NO;
				GCC_NO_COMMON_BLOCKS = YES;
				GCC_OPTIMIZATION_LEVEL = 0;
				GCC_PREPROCESSOR_DEFINITIONS = (
					"DEBUG=1",
					"$(inherited)",
				);
				GCC_WARN_64_TO_32_BIT_CONVERSION = YES;
				GCC_WARN_ABOUT_RETURN_TYPE = YES_ERROR;
				GCC_WARN_UNDECLARED_SELECTOR = YES;
				GCC_WARN_UNINITIALIZED_AUTOS = YES_AGGRESSIVE;
				GCC_WARN_UNUSED_FUNCTION = YES;
				GCC_WARN_UNUSED_VARIABLE = YES;
				IPHONEOS_DEPLOYMENT_TARGET = 17.4;
				LOCALIZATION_PREFERS_STRING_CATALOGS = YES;
				MTL_ENABLE_DEBUG_INFO = INCLUDE_SOURCE;
				MTL_FAST_MATH = YES;
				ONLY_ACTIVE_ARCH = YES;
				SDKROOT = iphoneos;
				SWIFT_ACTIVE_COMPILATION_CONDITIONS = "DEBUG $(inherited)";
				SWIFT_OPTIMIZATION_LEVEL = "-Onone";
			};
			name = Debug;
		};
		CA142A772BC83983000DCDF0 /* Release */ = {
			isa = XCBuildConfiguration;
			buildSettings = {
				ALWAYS_SEARCH_USER_PATHS = NO;
				ASSETCATALOG_COMPILER_GENERATE_SWIFT_ASSET_SYMBOL_EXTENSIONS = YES;
				CLANG_ANALYZER_NONNULL = YES;
				CLANG_ANALYZER_NUMBER_OBJECT_CONVERSION = YES_AGGRESSIVE;
				CLANG_CXX_LANGUAGE_STANDARD = "gnu++20";
				CLANG_ENABLE_MODULES = YES;
				CLANG_ENABLE_OBJC_ARC = YES;
				CLANG_ENABLE_OBJC_WEAK = YES;
				CLANG_WARN_BLOCK_CAPTURE_AUTORELEASING = YES;
				CLANG_WARN_BOOL_CONVERSION = YES;
				CLANG_WARN_COMMA = YES;
				CLANG_WARN_CONSTANT_CONVERSION = YES;
				CLANG_WARN_DEPRECATED_OBJC_IMPLEMENTATIONS = YES;
				CLANG_WARN_DIRECT_OBJC_ISA_USAGE = YES_ERROR;
				CLANG_WARN_DOCUMENTATION_COMMENTS = YES;
				CLANG_WARN_EMPTY_BODY = YES;
				CLANG_WARN_ENUM_CONVERSION = YES;
				CLANG_WARN_INFINITE_RECURSION = YES;
				CLANG_WARN_INT_CONVERSION = YES;
				CLANG_WARN_NON_LITERAL_NULL_CONVERSION = YES;
				CLANG_WARN_OBJC_IMPLICIT_RETAIN_SELF = YES;
				CLANG_WARN_OBJC_LITERAL_CONVERSION = YES;
				CLANG_WARN_OBJC_ROOT_CLASS = YES_ERROR;
				CLANG_WARN_QUOTED_INCLUDE_IN_FRAMEWORK_HEADER = YES;
				CLANG_WARN_RANGE_LOOP_ANALYSIS = YES;
				CLANG_WARN_STRICT_PROTOTYPES = YES;
				CLANG_WARN_SUSPICIOUS_MOVE = YES;
				CLANG_WARN_UNGUARDED_AVAILABILITY = YES_AGGRESSIVE;
				CLANG_WARN_UNREACHABLE_CODE = YES;
				CLANG_WARN__DUPLICATE_METHOD_MATCH = YES;
				COPY_PHASE_STRIP = NO;
				DEBUG_INFORMATION_FORMAT = "dwarf-with-dsym";
				ENABLE_NS_ASSERTIONS = NO;
				ENABLE_STRICT_OBJC_MSGSEND = YES;
				ENABLE_USER_SCRIPT_SANDBOXING = YES;
				GCC_C_LANGUAGE_STANDARD = gnu17;
				GCC_NO_COMMON_BLOCKS = YES;
				GCC_WARN_64_TO_32_BIT_CONVERSION = YES;
				GCC_WARN_ABOUT_RETURN_TYPE = YES_ERROR;
				GCC_WARN_UNDECLARED_SELECTOR = YES;
				GCC_WARN_UNINITIALIZED_AUTOS = YES_AGGRESSIVE;
				GCC_WARN_UNUSED_FUNCTION = YES;
				GCC_WARN_UNUSED_VARIABLE = YES;
				IPHONEOS_DEPLOYMENT_TARGET = 17.4;
				LOCALIZATION_PREFERS_STRING_CATALOGS = YES;
				MTL_ENABLE_DEBUG_INFO = NO;
				MTL_FAST_MATH = YES;
				SDKROOT = iphoneos;
				SWIFT_COMPILATION_MODE = wholemodule;
				VALIDATE_PRODUCT = YES;
			};
			name = Release;
		};
		CA142A792BC83983000DCDF0 /* Debug */ = {
			isa = XCBuildConfiguration;
			buildSettings = {
				ASSETCATALOG_COMPILER_APPICON_NAME = AppIcon;
				ASSETCATALOG_COMPILER_GLOBAL_ACCENT_COLOR_NAME = AccentColor;
				CODE_SIGN_STYLE = Automatic;
				CURRENT_PROJECT_VERSION = 1;
				DEVELOPMENT_ASSET_PATHS = "\"Bank/Preview Content\"";
				ENABLE_PREVIEWS = YES;
				GENERATE_INFOPLIST_FILE = YES;
				INFOPLIST_KEY_UIApplicationSceneManifest_Generation = YES;
				INFOPLIST_KEY_UIApplicationSupportsIndirectInputEvents = YES;
				INFOPLIST_KEY_UILaunchScreen_Generation = YES;
				INFOPLIST_KEY_UISupportedInterfaceOrientations_iPad = "UIInterfaceOrientationPortrait UIInterfaceOrientationPortraitUpsideDown UIInterfaceOrientationLandscapeLeft UIInterfaceOrientationLandscapeRight";
				INFOPLIST_KEY_UISupportedInterfaceOrientations_iPhone = "UIInterfaceOrientationPortrait UIInterfaceOrientationLandscapeLeft UIInterfaceOrientationLandscapeRight";
				LD_RUNPATH_SEARCH_PATHS = (
					"$(inherited)",
					"@executable_path/Frameworks",
				);
				MARKETING_VERSION = 1.0;
				PRODUCT_BUNDLE_IDENTIFIER = ST.Bank;
				PRODUCT_NAME = "$(TARGET_NAME)";
				SWIFT_EMIT_LOC_STRINGS = YES;
				SWIFT_VERSION = 5.0;
				TARGETED_DEVICE_FAMILY = "1,2";
			};
			name = Debug;
		};
		CA142A7A2BC83983000DCDF0 /* Release */ = {
			isa = XCBuildConfiguration;
			buildSettings = {
				ASSETCATALOG_COMPILER_APPICON_NAME = AppIcon;
				ASSETCATALOG_COMPILER_GLOBAL_ACCENT_COLOR_NAME = AccentColor;
				CODE_SIGN_STYLE = Automatic;
				CURRENT_PROJECT_VERSION = 1;
				DEVELOPMENT_ASSET_PATHS = "\"Bank/Preview Content\"";
				ENABLE_PREVIEWS = YES;
				GENERATE_INFOPLIST_FILE = YES;
				INFOPLIST_KEY_UIApplicationSceneManifest_Generation = YES;
				INFOPLIST_KEY_UIApplicationSupportsIndirectInputEvents = YES;
				INFOPLIST_KEY_UILaunchScreen_Generation = YES;
				INFOPLIST_KEY_UISupportedInterfaceOrientations_iPad = "UIInterfaceOrientationPortrait UIInterfaceOrientationPortraitUpsideDown UIInterfaceOrientationLandscapeLeft UIInterfaceOrientationLandscapeRight";
				INFOPLIST_KEY_UISupportedInterfaceOrientations_iPhone = "UIInterfaceOrientationPortrait UIInterfaceOrientationLandscapeLeft UIInterfaceOrientationLandscapeRight";
				LD_RUNPATH_SEARCH_PATHS = (
					"$(inherited)",
					"@executable_path/Frameworks",
				);
				MARKETING_VERSION = 1.0;
				PRODUCT_BUNDLE_IDENTIFIER = ST.Bank;
				PRODUCT_NAME = "$(TARGET_NAME)";
				SWIFT_EMIT_LOC_STRINGS = YES;
				SWIFT_VERSION = 5.0;
				TARGETED_DEVICE_FAMILY = "1,2";
			};
			name = Release;
		};
		CA142A7C2BC83983000DCDF0 /* Debug */ = {
			isa = XCBuildConfiguration;
			buildSettings = {
				ALWAYS_EMBED_SWIFT_STANDARD_LIBRARIES = YES;
				BUNDLE_LOADER = "$(TEST_HOST)";
				CODE_SIGN_STYLE = Automatic;
				CURRENT_PROJECT_VERSION = 1;
				GENERATE_INFOPLIST_FILE = YES;
				IPHONEOS_DEPLOYMENT_TARGET = 17.4;
				MARKETING_VERSION = 1.0;
				PRODUCT_BUNDLE_IDENTIFIER = ST.BankTests;
				PRODUCT_NAME = "$(TARGET_NAME)";
				SWIFT_EMIT_LOC_STRINGS = NO;
				SWIFT_VERSION = 5.0;
				TARGETED_DEVICE_FAMILY = "1,2";
				TEST_HOST = "$(BUILT_PRODUCTS_DIR)/Bank.app/$(BUNDLE_EXECUTABLE_FOLDER_PATH)/Bank";
			};
			name = Debug;
		};
		CA142A7D2BC83983000DCDF0 /* Release */ = {
			isa = XCBuildConfiguration;
			buildSettings = {
				ALWAYS_EMBED_SWIFT_STANDARD_LIBRARIES = YES;
				BUNDLE_LOADER = "$(TEST_HOST)";
				CODE_SIGN_STYLE = Automatic;
				CURRENT_PROJECT_VERSION = 1;
				GENERATE_INFOPLIST_FILE = YES;
				IPHONEOS_DEPLOYMENT_TARGET = 17.4;
				MARKETING_VERSION = 1.0;
				PRODUCT_BUNDLE_IDENTIFIER = ST.BankTests;
				PRODUCT_NAME = "$(TARGET_NAME)";
				SWIFT_EMIT_LOC_STRINGS = NO;
				SWIFT_VERSION = 5.0;
				TARGETED_DEVICE_FAMILY = "1,2";
				TEST_HOST = "$(BUILT_PRODUCTS_DIR)/Bank.app/$(BUNDLE_EXECUTABLE_FOLDER_PATH)/Bank";
			};
			name = Release;
		};
		CA142A7F2BC83983000DCDF0 /* Debug */ = {
			isa = XCBuildConfiguration;
			buildSettings = {
				ALWAYS_EMBED_SWIFT_STANDARD_LIBRARIES = YES;
				CODE_SIGN_STYLE = Automatic;
				CURRENT_PROJECT_VERSION = 1;
				GENERATE_INFOPLIST_FILE = YES;
				MARKETING_VERSION = 1.0;
				PRODUCT_BUNDLE_IDENTIFIER = ST.BankUITests;
				PRODUCT_NAME = "$(TARGET_NAME)";
				SWIFT_EMIT_LOC_STRINGS = NO;
				SWIFT_VERSION = 5.0;
				TARGETED_DEVICE_FAMILY = "1,2";
				TEST_TARGET_NAME = Bank;
			};
			name = Debug;
		};
		CA142A802BC83983000DCDF0 /* Release */ = {
			isa = XCBuildConfiguration;
			buildSettings = {
				ALWAYS_EMBED_SWIFT_STANDARD_LIBRARIES = YES;
				CODE_SIGN_STYLE = Automatic;
				CURRENT_PROJECT_VERSION = 1;
				GENERATE_INFOPLIST_FILE = YES;
				MARKETING_VERSION = 1.0;
				PRODUCT_BUNDLE_IDENTIFIER = ST.BankUITests;
				PRODUCT_NAME = "$(TARGET_NAME)";
				SWIFT_EMIT_LOC_STRINGS = NO;
				SWIFT_VERSION = 5.0;
				TARGETED_DEVICE_FAMILY = "1,2";
				TEST_TARGET_NAME = Bank;
			};
			name = Release;
		};
/* End XCBuildConfiguration section */

/* Begin XCConfigurationList section */
		CA142A4F2BC83980000DCDF0 /* Build configuration list for PBXProject "Bank" */ = {
			isa = XCConfigurationList;
			buildConfigurations = (
				CA142A762BC83983000DCDF0 /* Debug */,
				CA142A772BC83983000DCDF0 /* Release */,
			);
			defaultConfigurationIsVisible = 0;
			defaultConfigurationName = Release;
		};
		CA142A782BC83983000DCDF0 /* Build configuration list for PBXNativeTarget "Bank" */ = {
			isa = XCConfigurationList;
			buildConfigurations = (
				CA142A792BC83983000DCDF0 /* Debug */,
				CA142A7A2BC83983000DCDF0 /* Release */,
			);
			defaultConfigurationIsVisible = 0;
			defaultConfigurationName = Release;
		};
		CA142A7B2BC83983000DCDF0 /* Build configuration list for PBXNativeTarget "BankTests" */ = {
			isa = XCConfigurationList;
			buildConfigurations = (
				CA142A7C2BC83983000DCDF0 /* Debug */,
				CA142A7D2BC83983000DCDF0 /* Release */,
			);
			defaultConfigurationIsVisible = 0;
			defaultConfigurationName = Release;
		};
		CA142A7E2BC83983000DCDF0 /* Build configuration list for PBXNativeTarget "BankUITests" */ = {
			isa = XCConfigurationList;
			buildConfigurations = (
				CA142A7F2BC83983000DCDF0 /* Debug */,
				CA142A802BC83983000DCDF0 /* Release */,
			);
			defaultConfigurationIsVisible = 0;
			defaultConfigurationName = Release;
		};
/* End XCConfigurationList section */
	};
	rootObject = CA142A4C2BC83980000DCDF0 /* Project object */;
}
